
Microsoft Visual Studio Solution File, Format Version 12.00
# Visual Studio Version 17
VisualStudioVersion = 17.8.34330.188
MinimumVisualStudioVersion = 10.0.40219.1
Project("{FAE04EC0-301F-11D3-BF4B-00C04F79EFBC}") = "Custom User Management", "Custom User Management\Custom User Management.csproj", "{A9A414F4-4D67-444C-82D3-9CDF525C1412}"
EndProject
Global
	GlobalSection(SolutionConfigurationPlatforms) = preSolution
		Debug|Any CPU = Debug|Any CPU
		Release|Any CPU = Release|Any CPU
	EndGlobalSection
	GlobalSection(ProjectConfigurationPlatforms) = postSolution
		{A9A414F4-4D67-444C-82D3-9CDF525C1412}.Debug|Any CPU.ActiveCfg = Debug|Any CPU
		{A9A414F4-4D67-444C-82D3-9CDF525C1412}.Debug|Any CPU.Build.0 = Debug|Any CPU
		{A9A414F4-4D67-444C-82D3-9CDF525C1412}.Release|Any CPU.ActiveCfg = Release|Any CPU
		{A9A414F4-4D67-444C-82D3-9CDF525C1412}.Release|Any CPU.Build.0 = Release|Any CPU
	EndGlobalSection
	GlobalSection(SolutionProperties) = preSolution
		HideSolutionNode = FALSE
	EndGlobalSection
	GlobalSection(ExtensibilityGlobals) = postSolution
		SolutionGuid = {A95B192E-7075-41EC-85E7-799D893A734E}
	EndGlobalSection
EndGlobal
